
Microsoft Visual Studio Solution File, Format Version 12.00
# Visual Studio 15
VisualStudioVersion = 15.0.27004.2006
MinimumVisualStudioVersion = 10.0.40219.1
Project("{FAE04EC0-301F-11D3-BF4B-00C04F79EFBC}") = "VstsGitTool.VstsClient", "VstsGitTool.VstsClient\VstsGitTool.VstsClient.csproj", "{60499500-6679-46F2-BBD4-4E243E714BC5}"
EndProject
Project("{FAE04EC0-301F-11D3-BF4B-00C04F79EFBC}") = "VstsGitTool.VstsClient.Tests", "VstsGitTool.VstsClient.Tests\VstsGitTool.VstsClient.Tests.csproj", "{50633BF9-74C1-443E-B58D-0858E2F8A11E}"
EndProject
Project("{FAE04EC0-301F-11D3-BF4B-00C04F79EFBC}") = "VstsGitTool.Desktop", "VstsGitTool.Desktop\VstsGitTool.Desktop.csproj", "{5F98AAED-03F3-4AF1-84C5-9BF2E998E57C}"
EndProject
Global
	GlobalSection(SolutionConfigurationPlatforms) = preSolution
		Debug|Any CPU = Debug|Any CPU
		Release|Any CPU = Release|Any CPU
	EndGlobalSection
	GlobalSection(ProjectConfigurationPlatforms) = postSolution
		{60499500-6679-46F2-BBD4-4E243E714BC5}.Debug|Any CPU.ActiveCfg = Debug|Any CPU
		{60499500-6679-46F2-BBD4-4E243E714BC5}.Debug|Any CPU.Build.0 = Debug|Any CPU
		{60499500-6679-46F2-BBD4-4E243E714BC5}.Release|Any CPU.ActiveCfg = Release|Any CPU
		{60499500-6679-46F2-BBD4-4E243E714BC5}.Release|Any CPU.Build.0 = Release|Any CPU
		{50633BF9-74C1-443E-B58D-0858E2F8A11E}.Debug|Any CPU.ActiveCfg = Debug|Any CPU
		{50633BF9-74C1-443E-B58D-0858E2F8A11E}.Debug|Any CPU.Build.0 = Debug|Any CPU
		{50633BF9-74C1-443E-B58D-0858E2F8A11E}.Release|Any CPU.ActiveCfg = Release|Any CPU
		{50633BF9-74C1-443E-B58D-0858E2F8A11E}.Release|Any CPU.Build.0 = Release|Any CPU
		{5F98AAED-03F3-4AF1-84C5-9BF2E998E57C}.Debug|Any CPU.ActiveCfg = Debug|Any CPU
		{5F98AAED-03F3-4AF1-84C5-9BF2E998E57C}.Debug|Any CPU.Build.0 = Debug|Any CPU
		{5F98AAED-03F3-4AF1-84C5-9BF2E998E57C}.Release|Any CPU.ActiveCfg = Release|Any CPU
		{5F98AAED-03F3-4AF1-84C5-9BF2E998E57C}.Release|Any CPU.Build.0 = Release|Any CPU
	EndGlobalSection
	GlobalSection(SolutionProperties) = preSolution
		HideSolutionNode = FALSE
	EndGlobalSection
	GlobalSection(ExtensibilityGlobals) = postSolution
		SolutionGuid = {709BAFA0-CD63-45A5-9A66-FBE533B1FDDC}
	EndGlobalSection
EndGlobal
